// !$*UTF8*$!
{
	archiveVersion = 1;
	classes = {
	};
	objectVersion = 55;
	objects = {

/* Begin PBXBuildFile section */
		275D28FBBAB5449F80D62497 /* Pods_ocr.framework in Frameworks */ = {isa = PBXBuildFile; fileRef = 5337FBFC399EAE170E25F4DA /* Pods_ocr.framework */; };
		3619F2A827472FD800DA0749 /* AppDelegate.swift in Sources */ = {isa = PBXBuildFile; fileRef = 3619F2A727472FD800DA0749 /* AppDelegate.swift */; };
		3619F2AC27472FD800DA0749 /* ViewController.swift in Sources */ = {isa = PBXBuildFile; fileRef = 3619F2AB27472FD800DA0749 /* ViewController.swift */; };
		3619F2AF27472FD800DA0749 /* Main.storyboard in Resources */ = {isa = PBXBuildFile; fileRef = 3619F2AD27472FD800DA0749 /* Main.storyboard */; };
		3619F2B227472FD800DA0749 /* ocr.xcdatamodeld in Sources */ = {isa = PBXBuildFile; fileRef = 3619F2B027472FD800DA0749 /* ocr.xcdatamodeld */; };
		3619F2B427472FDA00DA0749 /* Assets.xcassets in Resources */ = {isa = PBXBuildFile; fileRef = 3619F2B327472FDA00DA0749 /* Assets.xcassets */; };
		3619F2B727472FDA00DA0749 /* LaunchScreen.storyboard in Resources */ = {isa = PBXBuildFile; fileRef = 3619F2B527472FDA00DA0749 /* LaunchScreen.storyboard */; };
		3619F2BF27473B4700DA0749 /* GoogleService-Info.plist in Resources */ = {isa = PBXBuildFile; fileRef = 3619F2BE27473B4700DA0749 /* GoogleService-Info.plist */; };
		362E9B16274CA89100800C21 /* MLKitOCRViewController.swift in Sources */ = {isa = PBXBuildFile; fileRef = 362E9B14274CA89100800C21 /* MLKitOCRViewController.swift */; };
		362E9B17274CA89100800C21 /* MLKitOCRViewController.xib in Resources */ = {isa = PBXBuildFile; fileRef = 362E9B15274CA89100800C21 /* MLKitOCRViewController.xib */; };
		3660292727560D6E003BBF2C /* tessdata in Resources */ = {isa = PBXBuildFile; fileRef = 3660292627560D6E003BBF2C /* tessdata */; };
		36F410E827546B06007547EA /* TesseractOCRViewController.swift in Sources */ = {isa = PBXBuildFile; fileRef = 36F410E627546B06007547EA /* TesseractOCRViewController.swift */; };
		36F410E927546B06007547EA /* TesseractOCRViewController.xib in Resources */ = {isa = PBXBuildFile; fileRef = 36F410E727546B06007547EA /* TesseractOCRViewController.xib */; };
/* End PBXBuildFile section */

/* Begin PBXFileReference section */
		21ACC07900907E5167AF510F /* Pods-ocr.debug.xcconfig */ = {isa = PBXFileReference; includeInIndex = 1; lastKnownFileType = text.xcconfig; name = "Pods-ocr.debug.xcconfig"; path = "Target Support Files/Pods-ocr/Pods-ocr.debug.xcconfig"; sourceTree = "<group>"; };
		3619F2A427472FD800DA0749 /* ocr.app */ = {isa = PBXFileReference; explicitFileType = wrapper.application; includeInIndex = 0; path = ocr.app; sourceTree = BUILT_PRODUCTS_DIR; };
		3619F2A727472FD800DA0749 /* AppDelegate.swift */ = {isa = PBXFileReference; lastKnownFileType = sourcecode.swift; path = AppDelegate.swift; sourceTree = "<group>"; };
		3619F2AB27472FD800DA0749 /* ViewController.swift */ = {isa = PBXFileReference; lastKnownFileType = sourcecode.swift; path = ViewController.swift; sourceTree = "<group>"; };
		3619F2AE27472FD800DA0749 /* Base */ = {isa = PBXFileReference; lastKnownFileType = file.storyboard; name = Base; path = Base.lproj/Main.storyboard; sourceTree = "<group>"; };
		3619F2B127472FD800DA0749 /* ocr.xcdatamodel */ = {isa = PBXFileReference; lastKnownFileType = wrapper.xcdatamodel; path = ocr.xcdatamodel; sourceTree = "<group>"; };
		3619F2B327472FDA00DA0749 /* Assets.xcassets */ = {isa = PBXFileReference; lastKnownFileType = folder.assetcatalog; path = Assets.xcassets; sourceTree = "<group>"; };
		3619F2B627472FDA00DA0749 /* Base */ = {isa = PBXFileReference; lastKnownFileType = file.storyboard; name = Base; path = Base.lproj/LaunchScreen.storyboard; sourceTree = "<group>"; };
		3619F2B827472FDA00DA0749 /* Info.plist */ = {isa = PBXFileReference; lastKnownFileType = text.plist.xml; path = Info.plist; sourceTree = "<group>"; };
		3619F2BE27473B4700DA0749 /* GoogleService-Info.plist */ = {isa = PBXFileReference; lastKnownFileType = text.plist; path = "GoogleService-Info.plist"; sourceTree = SOURCE_ROOT; };
		362E9B14274CA89100800C21 /* MLKitOCRViewController.swift */ = {isa = PBXFileReference; lastKnownFileType = sourcecode.swift; path = MLKitOCRViewController.swift; sourceTree = "<group>"; };
		362E9B15274CA89100800C21 /* MLKitOCRViewController.xib */ = {isa = PBXFileReference; lastKnownFileType = file.xib; path = MLKitOCRViewController.xib; sourceTree = "<group>"; };
		3660292627560D6E003BBF2C /* tessdata */ = {isa = PBXFileReference; fileEncoding = 4; lastKnownFileType = text; path = tessdata; sourceTree = SOURCE_ROOT; };
		36F410E627546B06007547EA /* TesseractOCRViewController.swift */ = {isa = PBXFileReference; lastKnownFileType = sourcecode.swift; path = TesseractOCRViewController.swift; sourceTree = "<group>"; };
		36F410E727546B06007547EA /* TesseractOCRViewController.xib */ = {isa = PBXFileReference; lastKnownFileType = file.xib; path = TesseractOCRViewController.xib; sourceTree = "<group>"; };
		5337FBFC399EAE170E25F4DA /* Pods_ocr.framework */ = {isa = PBXFileReference; explicitFileType = wrapper.framework; includeInIndex = 0; path = Pods_ocr.framework; sourceTree = BUILT_PRODUCTS_DIR; };
		7E183C6C35927196710F8766 /* Pods-ocr.release.xcconfig */ = {isa = PBXFileReference; includeInIndex = 1; lastKnownFileType = text.xcconfig; name = "Pods-ocr.release.xcconfig"; path = "Target Support Files/Pods-ocr/Pods-ocr.release.xcconfig"; sourceTree = "<group>"; };
/* End PBXFileReference section */

/* Begin PBXFrameworksBuildPhase section */
		3619F2A127472FD800DA0749 /* Frameworks */ = {
			isa = PBXFrameworksBuildPhase;
			buildActionMask = 2147483647;
			files = (
				275D28FBBAB5449F80D62497 /* Pods_ocr.framework in Frameworks */,
			);
			runOnlyForDeploymentPostprocessing = 0;
		};
/* End PBXFrameworksBuildPhase section */

/* Begin PBXGroup section */
		3619F29B27472FD800DA0749 = {
			isa = PBXGroup;
			children = (
				3619F2A627472FD800DA0749 /* ocr */,
				3619F2A527472FD800DA0749 /* Products */,
				60592F7042A2946639DB81C5 /* Pods */,
				DD7708747CC4D90785146278 /* Frameworks */,
			);
			sourceTree = "<group>";
		};
		3619F2A527472FD800DA0749 /* Products */ = {
			isa = PBXGroup;
			children = (
				3619F2A427472FD800DA0749 /* ocr.app */,
			);
			name = Products;
			sourceTree = "<group>";
		};
		3619F2A627472FD800DA0749 /* ocr */ = {
			isa = PBXGroup;
			children = (
				3660292627560D6E003BBF2C /* tessdata */,
				3619F2BE27473B4700DA0749 /* GoogleService-Info.plist */,
				3619F2A727472FD800DA0749 /* AppDelegate.swift */,
				3619F2AB27472FD800DA0749 /* ViewController.swift */,
				3619F2AD27472FD800DA0749 /* Main.storyboard */,
				3619F2B327472FDA00DA0749 /* Assets.xcassets */,
				3619F2B527472FDA00DA0749 /* LaunchScreen.storyboard */,
				3619F2B827472FDA00DA0749 /* Info.plist */,
				3619F2B027472FD800DA0749 /* ocr.xcdatamodeld */,
				362E9B14274CA89100800C21 /* MLKitOCRViewController.swift */,
				362E9B15274CA89100800C21 /* MLKitOCRViewController.xib */,
				36F410E627546B06007547EA /* TesseractOCRViewController.swift */,
				36F410E727546B06007547EA /* TesseractOCRViewController.xib */,
			);
			path = ocr;
			sourceTree = "<group>";
		};
		60592F7042A2946639DB81C5 /* Pods */ = {
			isa = PBXGroup;
			children = (
				21ACC07900907E5167AF510F /* Pods-ocr.debug.xcconfig */,
				7E183C6C35927196710F8766 /* Pods-ocr.release.xcconfig */,
			);
			path = Pods;
			sourceTree = "<group>";
		};
		DD7708747CC4D90785146278 /* Frameworks */ = {
			isa = PBXGroup;
			children = (
				5337FBFC399EAE170E25F4DA /* Pods_ocr.framework */,
			);
			name = Frameworks;
			sourceTree = "<group>";
		};
/* End PBXGroup section */

/* Begin PBXNativeTarget section */
		3619F2A327472FD800DA0749 /* ocr */ = {
			isa = PBXNativeTarget;
			buildConfigurationList = 3619F2BB27472FDA00DA0749 /* Build configuration list for PBXNativeTarget "ocr" */;
			buildPhases = (
				E8AB437879B37784F64C50CC /* [CP] Check Pods Manifest.lock */,
				3619F2A027472FD800DA0749 /* Sources */,
				3619F2A127472FD800DA0749 /* Frameworks */,
				3619F2A227472FD800DA0749 /* Resources */,
				E5FB78D874A9B01121B46FAB /* [CP] Embed Pods Frameworks */,
				DA47450CC41CE6BD7E41C61F /* [CP] Copy Pods Resources */,
			);
			buildRules = (
			);
			dependencies = (
			);
			name = ocr;
			productName = ocr;
			productReference = 3619F2A427472FD800DA0749 /* ocr.app */;
			productType = "com.apple.product-type.application";
		};
/* End PBXNativeTarget section */

/* Begin PBXProject section */
		3619F29C27472FD800DA0749 /* Project object */ = {
			isa = PBXProject;
			attributes = {
				BuildIndependentTargetsInParallel = 1;
				LastSwiftUpdateCheck = 1300;
				LastUpgradeCheck = 1300;
				TargetAttributes = {
					3619F2A327472FD800DA0749 = {
						CreatedOnToolsVersion = 13.0;
					};
				};
			};
			buildConfigurationList = 3619F29F27472FD800DA0749 /* Build configuration list for PBXProject "ocr" */;
			compatibilityVersion = "Xcode 13.0";
			developmentRegion = en;
			hasScannedForEncodings = 0;
			knownRegions = (
				en,
				Base,
			);
			mainGroup = 3619F29B27472FD800DA0749;
			productRefGroup = 3619F2A527472FD800DA0749 /* Products */;
			projectDirPath = "";
			projectRoot = "";
			targets = (
				3619F2A327472FD800DA0749 /* ocr */,
			);
		};
/* End PBXProject section */

/* Begin PBXResourcesBuildPhase section */
		3619F2A227472FD800DA0749 /* Resources */ = {
			isa = PBXResourcesBuildPhase;
			buildActionMask = 2147483647;
			files = (
				3619F2B727472FDA00DA0749 /* LaunchScreen.storyboard in Resources */,
				3619F2BF27473B4700DA0749 /* GoogleService-Info.plist in Resources */,
				36F410E927546B06007547EA /* TesseractOCRViewController.xib in Resources */,
				3660292727560D6E003BBF2C /* tessdata in Resources */,
				3619F2B427472FDA00DA0749 /* Assets.xcassets in Resources */,
				362E9B17274CA89100800C21 /* MLKitOCRViewController.xib in Resources */,
				3619F2AF27472FD800DA0749 /* Main.storyboard in Resources */,
			);
			runOnlyForDeploymentPostprocessing = 0;
		};
/* End PBXResourcesBuildPhase section */

/* Begin PBXShellScriptBuildPhase section */
		DA47450CC41CE6BD7E41C61F /* [CP] Copy Pods Resources */ = {
			isa = PBXShellScriptBuildPhase;
			buildActionMask = 2147483647;
			files = (
			);
			inputFileListPaths = (
				"${PODS_ROOT}/Target Support Files/Pods-ocr/Pods-ocr-resources-${CONFIGURATION}-input-files.xcfilelist",
			);
			name = "[CP] Copy Pods Resources";
			outputFileListPaths = (
				"${PODS_ROOT}/Target Support Files/Pods-ocr/Pods-ocr-resources-${CONFIGURATION}-output-files.xcfilelist",
			);
			runOnlyForDeploymentPostprocessing = 0;
			shellPath = /bin/sh;
			shellScript = "\"${PODS_ROOT}/Target Support Files/Pods-ocr/Pods-ocr-resources.sh\"\n";
			showEnvVarsInLog = 0;
		};
		E5FB78D874A9B01121B46FAB /* [CP] Embed Pods Frameworks */ = {
			isa = PBXShellScriptBuildPhase;
			buildActionMask = 2147483647;
			files = (
			);
			inputFileListPaths = (
				"${PODS_ROOT}/Target Support Files/Pods-ocr/Pods-ocr-frameworks-${CONFIGURATION}-input-files.xcfilelist",
			);
			name = "[CP] Embed Pods Frameworks";
			outputFileListPaths = (
				"${PODS_ROOT}/Target Support Files/Pods-ocr/Pods-ocr-frameworks-${CONFIGURATION}-output-files.xcfilelist",
			);
			runOnlyForDeploymentPostprocessing = 0;
			shellPath = /bin/sh;
			shellScript = "\"${PODS_ROOT}/Target Support Files/Pods-ocr/Pods-ocr-frameworks.sh\"\n";
			showEnvVarsInLog = 0;
		};
		E8AB437879B37784F64C50CC /* [CP] Check Pods Manifest.lock */ = {
			isa = PBXShellScriptBuildPhase;
			buildActionMask = 2147483647;
			files = (
			);
			inputFileListPaths = (
			);
			inputPaths = (
				"${PODS_PODFILE_DIR_PATH}/Podfile.lock",
				"${PODS_ROOT}/Manifest.lock",
			);
			name = "[CP] Check Pods Manifest.lock";
			outputFileListPaths = (
			);
			outputPaths = (
				"$(DERIVED_FILE_DIR)/Pods-ocr-checkManifestLockResult.txt",
			);
			runOnlyForDeploymentPostprocessing = 0;
			shellPath = /bin/sh;
			shellScript = "diff \"${PODS_PODFILE_DIR_PATH}/Podfile.lock\" \"${PODS_ROOT}/Manifest.lock\" > /dev/null\nif [ $? != 0 ] ; then\n    # print error to STDERR\n    echo \"error: The sandbox is not in sync with the Podfile.lock. Run 'pod install' or update your CocoaPods installation.\" >&2\n    exit 1\nfi\n# This output is used by Xcode 'outputs' to avoid re-running this script phase.\necho \"SUCCESS\" > \"${SCRIPT_OUTPUT_FILE_0}\"\n";
			showEnvVarsInLog = 0;
		};
/* End PBXShellScriptBuildPhase section */

/* Begin PBXSourcesBuildPhase section */
		3619F2A027472FD800DA0749 /* Sources */ = {
			isa = PBXSourcesBuildPhase;
			buildActionMask = 2147483647;
			files = (
				3619F2B227472FD800DA0749 /* ocr.xcdatamodeld in Sources */,
				3619F2AC27472FD800DA0749 /* ViewController.swift in Sources */,
				3619F2A827472FD800DA0749 /* AppDelegate.swift in Sources */,
				36F410E827546B06007547EA /* TesseractOCRViewController.swift in Sources */,
				362E9B16274CA89100800C21 /* MLKitOCRViewController.swift in Sources */,
			);
			runOnlyForDeploymentPostprocessing = 0;
		};
/* End PBXSourcesBuildPhase section */

/* Begin PBXVariantGroup section */
		3619F2AD27472FD800DA0749 /* Main.storyboard */ = {
			isa = PBXVariantGroup;
			children = (
				3619F2AE27472FD800DA0749 /* Base */,
			);
			name = Main.storyboard;
			sourceTree = "<group>";
		};
		3619F2B527472FDA00DA0749 /* LaunchScreen.storyboard */ = {
			isa = PBXVariantGroup;
			children = (
				3619F2B627472FDA00DA0749 /* Base */,
			);
			name = LaunchScreen.storyboard;
			sourceTree = "<group>";
		};
/* End PBXVariantGroup section */

/* Begin XCBuildConfiguration section */
		3619F2B927472FDA00DA0749 /* Debug */ = {
			isa = XCBuildConfiguration;
			buildSettings = {
				ALWAYS_SEARCH_USER_PATHS = NO;
				CLANG_ANALYZER_NONNULL = YES;
				CLANG_ANALYZER_NUMBER_OBJECT_CONVERSION = YES_AGGRESSIVE;
				CLANG_CXX_LANGUAGE_STANDARD = "gnu++17";
				CLANG_CXX_LIBRARY = "libc++";
				CLANG_ENABLE_MODULES = YES;
				CLANG_ENABLE_OBJC_ARC = YES;
				CLANG_ENABLE_OBJC_WEAK = YES;
				CLANG_WARN_BLOCK_CAPTURE_AUTORELEASING = YES;
				CLANG_WARN_BOOL_CONVERSION = YES;
				CLANG_WARN_COMMA = YES;
				CLANG_WARN_CONSTANT_CONVERSION = YES;
				CLANG_WARN_DEPRECATED_OBJC_IMPLEMENTATIONS = YES;
				CLANG_WARN_DIRECT_OBJC_ISA_USAGE = YES_ERROR;
				CLANG_WARN_DOCUMENTATION_COMMENTS = YES;
				CLANG_WARN_EMPTY_BODY = YES;
				CLANG_WARN_ENUM_CONVERSION = YES;
				CLANG_WARN_INFINITE_RECURSION = YES;
				CLANG_WARN_INT_CONVERSION = YES;
				CLANG_WARN_NON_LITERAL_NULL_CONVERSION = YES;
				CLANG_WARN_OBJC_IMPLICIT_RETAIN_SELF = YES;
				CLANG_WARN_OBJC_LITERAL_CONVERSION = YES;
				CLANG_WARN_OBJC_ROOT_CLASS = YES_ERROR;
				CLANG_WARN_QUOTED_INCLUDE_IN_FRAMEWORK_HEADER = YES;
				CLANG_WARN_RANGE_LOOP_ANALYSIS = YES;
				CLANG_WARN_STRICT_PROTOTYPES = YES;
				CLANG_WARN_SUSPICIOUS_MOVE = YES;
				CLANG_WARN_UNGUARDED_AVAILABILITY = YES_AGGRESSIVE;
				CLANG_WARN_UNREACHABLE_CODE = YES;
				CLANG_WARN__DUPLICATE_METHOD_MATCH = YES;
				COPY_PHASE_STRIP = NO;
				DEBUG_INFORMATION_FORMAT = dwarf;
				ENABLE_STRICT_OBJC_MSGSEND = YES;
				ENABLE_TESTABILITY = YES;
				GCC_C_LANGUAGE_STANDARD = gnu11;
				GCC_DYNAMIC_NO_PIC = NO;
				GCC_NO_COMMON_BLOCKS = YES;
				GCC_OPTIMIZATION_LEVEL = 0;
				GCC_PREPROCESSOR_DEFINITIONS = (
					"DEBUG=1",
					"$(inherited)",
				);
				GCC_WARN_64_TO_32_BIT_CONVERSION = YES;
				GCC_WARN_ABOUT_RETURN_TYPE = YES_ERROR;
				GCC_WARN_UNDECLARED_SELECTOR = YES;
				GCC_WARN_UNINITIALIZED_AUTOS = YES_AGGRESSIVE;
				GCC_WARN_UNUSED_FUNCTION = YES;
				GCC_WARN_UNUSED_VARIABLE = YES;
				IPHONEOS_DEPLOYMENT_TARGET = 15.0;
				MTL_ENABLE_DEBUG_INFO = INCLUDE_SOURCE;
				MTL_FAST_MATH = YES;
				ONLY_ACTIVE_ARCH = YES;
				SDKROOT = iphoneos;
				SWIFT_ACTIVE_COMPILATION_CONDITIONS = DEBUG;
				SWIFT_OPTIMIZATION_LEVEL = "-Onone";
			};
			name = Debug;
		};
		3619F2BA27472FDA00DA0749 /* Release */ = {
			isa = XCBuildConfiguration;
			buildSettings = {
				ALWAYS_SEARCH_USER_PATHS = NO;
				CLANG_ANALYZER_NONNULL = YES;
				CLANG_ANALYZER_NUMBER_OBJECT_CONVERSION = YES_AGGRESSIVE;
				CLANG_CXX_LANGUAGE_STANDARD = "gnu++17";
				CLANG_CXX_LIBRARY = "libc++";
				CLANG_ENABLE_MODULES = YES;
				CLANG_ENABLE_OBJC_ARC = YES;
				CLANG_ENABLE_OBJC_WEAK = YES;
				CLANG_WARN_BLOCK_CAPTURE_AUTORELEASING = YES;
				CLANG_WARN_BOOL_CONVERSION = YES;
				CLANG_WARN_COMMA = YES;
				CLANG_WARN_CONSTANT_CONVERSION = YES;
				CLANG_WARN_DEPRECATED_OBJC_IMPLEMENTATIONS = YES;
				CLANG_WARN_DIRECT_OBJC_ISA_USAGE = YES_ERROR;
				CLANG_WARN_DOCUMENTATION_COMMENTS = YES;
				CLANG_WARN_EMPTY_BODY = YES;
				CLANG_WARN_ENUM_CONVERSION = YES;
				CLANG_WARN_INFINITE_RECURSION = YES;
				CLANG_WARN_INT_CONVERSION = YES;
				CLANG_WARN_NON_LITERAL_NULL_CONVERSION = YES;
				CLANG_WARN_OBJC_IMPLICIT_RETAIN_SELF = YES;
				CLANG_WARN_OBJC_LITERAL_CONVERSION = YES;
				CLANG_WARN_OBJC_ROOT_CLASS = YES_ERROR;
				CLANG_WARN_QUOTED_INCLUDE_IN_FRAMEWORK_HEADER = YES;
				CLANG_WARN_RANGE_LOOP_ANALYSIS = YES;
				CLANG_WARN_STRICT_PROTOTYPES = YES;
				CLANG_WARN_SUSPICIOUS_MOVE = YES;
				CLANG_WARN_UNGUARDED_AVAILABILITY = YES_AGGRESSIVE;
				CLANG_WARN_UNREACHABLE_CODE = YES;
				CLANG_WARN__DUPLICATE_METHOD_MATCH = YES;
				COPY_PHASE_STRIP = NO;
				DEBUG_INFORMATION_FORMAT = "dwarf-with-dsym";
				ENABLE_NS_ASSERTIONS = NO;
				ENABLE_STRICT_OBJC_MSGSEND = YES;
				GCC_C_LANGUAGE_STANDARD = gnu11;
				GCC_NO_COMMON_BLOCKS = YES;
				GCC_WARN_64_TO_32_BIT_CONVERSION = YES;
				GCC_WARN_ABOUT_RETURN_TYPE = YES_ERROR;
				GCC_WARN_UNDECLARED_SELECTOR = YES;
				GCC_WARN_UNINITIALIZED_AUTOS = YES_AGGRESSIVE;
				GCC_WARN_UNUSED_FUNCTION = YES;
				GCC_WARN_UNUSED_VARIABLE = YES;
				IPHONEOS_DEPLOYMENT_TARGET = 15.0;
				MTL_ENABLE_DEBUG_INFO = NO;
				MTL_FAST_MATH = YES;
				SDKROOT = iphoneos;
				SWIFT_COMPILATION_MODE = wholemodule;
				SWIFT_OPTIMIZATION_LEVEL = "-O";
				VALIDATE_PRODUCT = YES;
			};
			name = Release;
		};
		3619F2BC27472FDA00DA0749 /* Debug */ = {
			isa = XCBuildConfiguration;
			baseConfigurationReference = 21ACC07900907E5167AF510F /* Pods-ocr.debug.xcconfig */;
			buildSettings = {
				ASSETCATALOG_COMPILER_APPICON_NAME = AppIcon;
				ASSETCATALOG_COMPILER_GLOBAL_ACCENT_COLOR_NAME = AccentColor;
				CODE_SIGN_STYLE = Automatic;
				CURRENT_PROJECT_VERSION = 1;
				DEVELOPMENT_TEAM = QAT46LHJF5;
				GENERATE_INFOPLIST_FILE = YES;
				INFOPLIST_FILE = ocr/Info.plist;
				INFOPLIST_KEY_UIApplicationSupportsIndirectInputEvents = YES;
				INFOPLIST_KEY_UILaunchStoryboardName = LaunchScreen;
				INFOPLIST_KEY_UIMainStoryboardFile = Main;
				INFOPLIST_KEY_UISupportedInterfaceOrientations_iPad = "UIInterfaceOrientationPortrait UIInterfaceOrientationPortraitUpsideDown UIInterfaceOrientationLandscapeLeft UIInterfaceOrientationLandscapeRight";
				INFOPLIST_KEY_UISupportedInterfaceOrientations_iPhone = "UIInterfaceOrientationPortrait UIInterfaceOrientationLandscapeLeft UIInterfaceOrientationLandscapeRight";
				IPHONEOS_DEPLOYMENT_TARGET = 13.0;
				LD_RUNPATH_SEARCH_PATHS = (
					"$(inherited)",
					"@executable_path/Frameworks",
				);
				MARKETING_VERSION = 1.0;
				PRODUCT_BUNDLE_IDENTIFIER = com.hongssup.ocr;
				PRODUCT_NAME = "$(TARGET_NAME)";
				SWIFT_EMIT_LOC_STRINGS = YES;
				SWIFT_VERSION = 5.0;
				TARGETED_DEVICE_FAMILY = "1,2";
			};
			name = Debug;
		};
		3619F2BD27472FDA00DA0749 /* Release */ = {
			isa = XCBuildConfiguration;
			baseConfigurationReference = 7E183C6C35927196710F8766 /* Pods-ocr.release.xcconfig */;
			buildSettings = {
				ASSETCATALOG_COMPILER_APPICON_NAME = AppIcon;
				ASSETCATALOG_COMPILER_GLOBAL_ACCENT_COLOR_NAME = AccentColor;
				CODE_SIGN_STYLE = Automatic;
				CURRENT_PROJECT_VERSION = 1;
				DEVELOPMENT_TEAM = QAT46LHJF5;
				GENERATE_INFOPLIST_FILE = YES;
				INFOPLIST_FILE = ocr/Info.plist;
				INFOPLIST_KEY_UIApplicationSupportsIndirectInputEvents = YES;
				INFOPLIST_KEY_UILaunchStoryboardName = LaunchScreen;
				INFOPLIST_KEY_UIMainStoryboardFile = Main;
				INFOPLIST_KEY_UISupportedInterfaceOrientations_iPad = "UIInterfaceOrientationPortrait UIInterfaceOrientationPortraitUpsideDown UIInterfaceOrientationLandscapeLeft UIInterfaceOrientationLandscapeRight";
				INFOPLIST_KEY_UISupportedInterfaceOrientations_iPhone = "UIInterfaceOrientationPortrait UIInterfaceOrientationLandscapeLeft UIInterfaceOrientationLandscapeRight";
				IPHONEOS_DEPLOYMENT_TARGET = 13.0;
				LD_RUNPATH_SEARCH_PATHS = (
					"$(inherited)",
					"@executable_path/Frameworks",
				);
				MARKETING_VERSION = 1.0;
				PRODUCT_BUNDLE_IDENTIFIER = com.hongssup.ocr;
				PRODUCT_NAME = "$(TARGET_NAME)";
				SWIFT_EMIT_LOC_STRINGS = YES;
				SWIFT_VERSION = 5.0;
				TARGETED_DEVICE_FAMILY = "1,2";
			};
			name = Release;
		};
/* End XCBuildConfiguration section */

/* Begin XCConfigurationList section */
		3619F29F27472FD800DA0749 /* Build configuration list for PBXProject "ocr" */ = {
			isa = XCConfigurationList;
			buildConfigurations = (
				3619F2B927472FDA00DA0749 /* Debug */,
				3619F2BA27472FDA00DA0749 /* Release */,
			);
			defaultConfigurationIsVisible = 0;
			defaultConfigurationName = Release;
		};
		3619F2BB27472FDA00DA0749 /* Build configuration list for PBXNativeTarget "ocr" */ = {
			isa = XCConfigurationList;
			buildConfigurations = (
				3619F2BC27472FDA00DA0749 /* Debug */,
				3619F2BD27472FDA00DA0749 /* Release */,
			);
			defaultConfigurationIsVisible = 0;
			defaultConfigurationName = Release;
		};
/* End XCConfigurationList section */

/* Begin XCVersionGroup section */
		3619F2B027472FD800DA0749 /* ocr.xcdatamodeld */ = {
			isa = XCVersionGroup;
			children = (
				3619F2B127472FD800DA0749 /* ocr.xcdatamodel */,
			);
			currentVersion = 3619F2B127472FD800DA0749 /* ocr.xcdatamodel */;
			path = ocr.xcdatamodeld;
			sourceTree = "<group>";
			versionGroupType = wrapper.xcdatamodel;
		};
/* End XCVersionGroup section */
	};
	rootObject = 3619F29C27472FD800DA0749 /* Project object */;
}
